
Microsoft Visual Studio Solution File, Format Version 12.00
# Visual Studio Version 17
VisualStudioVersion = 17.11.35327.3
MinimumVisualStudioVersion = 10.0.40219.1
Project("{FAE04EC0-301F-11D3-BF4B-00C04F79EFBC}") = "LibraryProyect", "LibraryProyect\LibraryProyect.csproj", "{3D6B45A1-53E8-4E6F-A05F-9D999B3E0568}"
EndProject
Global
	GlobalSection(SolutionConfigurationPlatforms) = preSolution
		Debug|Any CPU = Debug|Any CPU
		Release|Any CPU = Release|Any CPU
	EndGlobalSection
	GlobalSection(ProjectConfigurationPlatforms) = postSolution
		{3D6B45A1-53E8-4E6F-A05F-9D999B3E0568}.Debug|Any CPU.ActiveCfg = Debug|Any CPU
		{3D6B45A1-53E8-4E6F-A05F-9D999B3E0568}.Debug|Any CPU.Build.0 = Debug|Any CPU
		{3D6B45A1-53E8-4E6F-A05F-9D999B3E0568}.Release|Any CPU.ActiveCfg = Release|Any CPU
		{3D6B45A1-53E8-4E6F-A05F-9D999B3E0568}.Release|Any CPU.Build.0 = Release|Any CPU
	EndGlobalSection
	GlobalSection(SolutionProperties) = preSolution
		HideSolutionNode = FALSE
	EndGlobalSection
	GlobalSection(ExtensibilityGlobals) = postSolution
		SolutionGuid = {34D286AF-1793-4FF7-8FB2-96E6BEABC0A9}
	EndGlobalSection
EndGlobal
